
Microsoft Visual Studio Solution File, Format Version 12.00
# Visual Studio Version 17
VisualStudioVersion = 17.0.31903.59
MinimumVisualStudioVersion = 10.0.40219.1
Project("{FAE04EC0-301F-11D3-BF4B-00C04F79EFBC}") = "Store.API", "Store.API\Store.API.csproj", "{FBD000E1-453B-46C6-B1A8-4593618E495A}"
EndProject
Project("{2150E333-8FDC-42A3-9474-1A3956D46DE8}") = "Docs", "Docs", "{C744F33B-0E3A-4928-8085-E2965FCEAD09}"
	ProjectSection(SolutionItems) = preProject
		README.md = README.md
	EndProjectSection
EndProject
Project("{2150E333-8FDC-42A3-9474-1A3956D46DE8}") = "Src", "Src", "{67FB4A54-606F-4FE6-BFEA-8CAF60BF33E8}"
EndProject
Project("{2150E333-8FDC-42A3-9474-1A3956D46DE8}") = "Core", "Core", "{2B28B465-2343-4260-AB1C-57967703712C}"
EndProject
Project("{2150E333-8FDC-42A3-9474-1A3956D46DE8}") = "Infrastructure", "Infrastructure", "{D81B4016-FB66-415E-9FB1-5438AC481363}"
EndProject
Project("{2150E333-8FDC-42A3-9474-1A3956D46DE8}") = "Presentation", "Presentation", "{C06BABD1-A3AE-4813-916F-5F0F7D23CD93}"
EndProject
Project("{FAE04EC0-301F-11D3-BF4B-00C04F79EFBC}") = "Store.Domain", "Store.Domain\Store.Domain.csproj", "{2FA066A8-1666-43C3-BF94-A7B7580746D3}"
EndProject
Project("{2150E333-8FDC-42A3-9474-1A3956D46DE8}") = "Tests", "Tests", "{EB7AECB8-F873-4BEF-8878-2F5F2FEB4DC8}"
EndProject
Project("{FAE04EC0-301F-11D3-BF4B-00C04F79EFBC}") = "Store.Application", "Store.Application\Store.Application.csproj", "{5CAF59FF-5CC5-42BB-A22F-CEC7B7902550}"
EndProject
Project("{FAE04EC0-301F-11D3-BF4B-00C04F79EFBC}") = "Store.Persistence", "Store.Persistence\Store.Persistence.csproj", "{5C4C81DB-C2F0-4E6F-B950-54AC2E6AE3BA}"
EndProject
Global
	GlobalSection(SolutionConfigurationPlatforms) = preSolution
		Debug|Any CPU = Debug|Any CPU
		Release|Any CPU = Release|Any CPU
	EndGlobalSection
	GlobalSection(ProjectConfigurationPlatforms) = postSolution
		{FBD000E1-453B-46C6-B1A8-4593618E495A}.Debug|Any CPU.ActiveCfg = Debug|Any CPU
		{FBD000E1-453B-46C6-B1A8-4593618E495A}.Debug|Any CPU.Build.0 = Debug|Any CPU
		{FBD000E1-453B-46C6-B1A8-4593618E495A}.Release|Any CPU.ActiveCfg = Release|Any CPU
		{FBD000E1-453B-46C6-B1A8-4593618E495A}.Release|Any CPU.Build.0 = Release|Any CPU
		{2FA066A8-1666-43C3-BF94-A7B7580746D3}.Debug|Any CPU.ActiveCfg = Debug|Any CPU
		{2FA066A8-1666-43C3-BF94-A7B7580746D3}.Debug|Any CPU.Build.0 = Debug|Any CPU
		{2FA066A8-1666-43C3-BF94-A7B7580746D3}.Release|Any CPU.ActiveCfg = Release|Any CPU
		{2FA066A8-1666-43C3-BF94-A7B7580746D3}.Release|Any CPU.Build.0 = Release|Any CPU
		{5CAF59FF-5CC5-42BB-A22F-CEC7B7902550}.Debug|Any CPU.ActiveCfg = Debug|Any CPU
		{5CAF59FF-5CC5-42BB-A22F-CEC7B7902550}.Debug|Any CPU.Build.0 = Debug|Any CPU
		{5CAF59FF-5CC5-42BB-A22F-CEC7B7902550}.Release|Any CPU.ActiveCfg = Release|Any CPU
		{5CAF59FF-5CC5-42BB-A22F-CEC7B7902550}.Release|Any CPU.Build.0 = Release|Any CPU
		{5C4C81DB-C2F0-4E6F-B950-54AC2E6AE3BA}.Debug|Any CPU.ActiveCfg = Debug|Any CPU
		{5C4C81DB-C2F0-4E6F-B950-54AC2E6AE3BA}.Debug|Any CPU.Build.0 = Debug|Any CPU
		{5C4C81DB-C2F0-4E6F-B950-54AC2E6AE3BA}.Release|Any CPU.ActiveCfg = Release|Any CPU
		{5C4C81DB-C2F0-4E6F-B950-54AC2E6AE3BA}.Release|Any CPU.Build.0 = Release|Any CPU
	EndGlobalSection
	GlobalSection(SolutionProperties) = preSolution
		HideSolutionNode = FALSE
	EndGlobalSection
	GlobalSection(NestedProjects) = preSolution
		{FBD000E1-453B-46C6-B1A8-4593618E495A} = {C06BABD1-A3AE-4813-916F-5F0F7D23CD93}
		{2B28B465-2343-4260-AB1C-57967703712C} = {67FB4A54-606F-4FE6-BFEA-8CAF60BF33E8}
		{D81B4016-FB66-415E-9FB1-5438AC481363} = {67FB4A54-606F-4FE6-BFEA-8CAF60BF33E8}
		{C06BABD1-A3AE-4813-916F-5F0F7D23CD93} = {67FB4A54-606F-4FE6-BFEA-8CAF60BF33E8}
		{2FA066A8-1666-43C3-BF94-A7B7580746D3} = {2B28B465-2343-4260-AB1C-57967703712C}
		{5CAF59FF-5CC5-42BB-A22F-CEC7B7902550} = {2B28B465-2343-4260-AB1C-57967703712C}
		{5C4C81DB-C2F0-4E6F-B950-54AC2E6AE3BA} = {D81B4016-FB66-415E-9FB1-5438AC481363}
	EndGlobalSection
	GlobalSection(ExtensibilityGlobals) = postSolution
		SolutionGuid = {6A8C0C66-DB57-4974-8B6C-33D188C00522}
	EndGlobalSection
EndGlobal
